
Microsoft Visual Studio Solution File, Format Version 12.00
# Visual Studio 15
VisualStudioVersion = 15.0.26124.0
MinimumVisualStudioVersion = 15.0.26124.0
Project("{FAE04EC0-301F-11D3-BF4B-00C04F79EFBC}") = "VulkanCubes", "VulkanCubes\VulkanCubes.csproj", "{D37E38E8-735E-4875-AB45-7B7FC0A3412F}"
EndProject
Project("{FAE04EC0-301F-11D3-BF4B-00C04F79EFBC}") = "VulkanCore", "Raft\VulkanCore\Src\VulkanCore.csproj", "{42DBC2D0-0890-444A-87F6-0A4F7DFF10C6}"
EndProject
Project("{FAE04EC0-301F-11D3-BF4B-00C04F79EFBC}") = "SDL2-CS.Core", "Raft\SDL2-CS\SDL2-CS.Core.csproj", "{E0667EF5-02CE-4BA2-A91C-7920D123CF2C}"
EndProject
Project("{FAE04EC0-301F-11D3-BF4B-00C04F79EFBC}") = "MiniFramework", "VulkanFramework\MiniFramework.csproj", "{8E1122E9-3475-470D-A024-AF27765A7C42}"
EndProject
Project("{FAE04EC0-301F-11D3-BF4B-00C04F79EFBC}") = "Raft", "Raft\Raft.csproj", "{4C5ECCB1-D48B-4187-9EEB-159DD1747AC4}"
EndProject
Global
	GlobalSection(SolutionProperties) = preSolution
		HideSolutionNode = FALSE
	EndGlobalSection
	GlobalSection(SolutionConfigurationPlatforms) = preSolution
		Release|Linux64 = Release|Linux64
		Release|Win64 = Release|Win64
		Debug|Linux64 = Debug|Linux64
		Debug|Win64 = Debug|Win64
	EndGlobalSection
	GlobalSection(ProjectConfigurationPlatforms) = postSolution
		{D37E38E8-735E-4875-AB45-7B7FC0A3412F}.Release|Linux64.ActiveCfg = Release|Linux64
		{D37E38E8-735E-4875-AB45-7B7FC0A3412F}.Release|Linux64.Build.0 = Release|Linux64
		{D37E38E8-735E-4875-AB45-7B7FC0A3412F}.Release|Win64.ActiveCfg = Release|Win64
		{D37E38E8-735E-4875-AB45-7B7FC0A3412F}.Release|Win64.Build.0 = Release|Win64
		{D37E38E8-735E-4875-AB45-7B7FC0A3412F}.Debug|Linux64.ActiveCfg = Debug|Linux64
		{D37E38E8-735E-4875-AB45-7B7FC0A3412F}.Debug|Linux64.Build.0 = Debug|Linux64
		{D37E38E8-735E-4875-AB45-7B7FC0A3412F}.Debug|Win64.ActiveCfg = Debug|Win64
		{D37E38E8-735E-4875-AB45-7B7FC0A3412F}.Debug|Win64.Build.0 = Debug|Win64
		{8E1122E9-3475-470D-A024-AF27765A7C42}.Release|Linux64.ActiveCfg = Release|Linux64
		{8E1122E9-3475-470D-A024-AF27765A7C42}.Release|Linux64.Build.0 = Release|Linux64
		{8E1122E9-3475-470D-A024-AF27765A7C42}.Release|Win64.ActiveCfg = Release|Win64
		{8E1122E9-3475-470D-A024-AF27765A7C42}.Release|Win64.Build.0 = Release|Win64
		{8E1122E9-3475-470D-A024-AF27765A7C42}.Debug|Linux64.ActiveCfg = Debug|Linux64
		{8E1122E9-3475-470D-A024-AF27765A7C42}.Debug|Linux64.Build.0 = Debug|Linux64
		{8E1122E9-3475-470D-A024-AF27765A7C42}.Debug|Win64.ActiveCfg = Debug|Win64
		{8E1122E9-3475-470D-A024-AF27765A7C42}.Debug|Win64.Build.0 = Debug|Win64
		{42DBC2D0-0890-444A-87F6-0A4F7DFF10C6}.Debug|Linux64.ActiveCfg = Debug|Any CPU
		{42DBC2D0-0890-444A-87F6-0A4F7DFF10C6}.Debug|Linux64.Build.0 = Debug|Any CPU
		{42DBC2D0-0890-444A-87F6-0A4F7DFF10C6}.Debug|Win64.ActiveCfg = Debug|Any CPU
		{42DBC2D0-0890-444A-87F6-0A4F7DFF10C6}.Debug|Win64.Build.0 = Debug|Any CPU
		{42DBC2D0-0890-444A-87F6-0A4F7DFF10C6}.Release|Linux64.ActiveCfg = Release|Any CPU
		{42DBC2D0-0890-444A-87F6-0A4F7DFF10C6}.Release|Linux64.Build.0 = Release|Any CPU
		{42DBC2D0-0890-444A-87F6-0A4F7DFF10C6}.Release|Win64.ActiveCfg = Release|Any CPU
		{42DBC2D0-0890-444A-87F6-0A4F7DFF10C6}.Release|Win64.Build.0 = Release|Any CPU
		{E0667EF5-02CE-4BA2-A91C-7920D123CF2C}.Debug|Linux64.ActiveCfg = Debug|Any CPU
		{E0667EF5-02CE-4BA2-A91C-7920D123CF2C}.Debug|Linux64.Build.0 = Debug|Any CPU
		{E0667EF5-02CE-4BA2-A91C-7920D123CF2C}.Debug|Win64.ActiveCfg = Debug|Any CPU
		{E0667EF5-02CE-4BA2-A91C-7920D123CF2C}.Debug|Win64.Build.0 = Debug|Any CPU
		{E0667EF5-02CE-4BA2-A91C-7920D123CF2C}.Release|Linux64.ActiveCfg = Release|Any CPU
		{E0667EF5-02CE-4BA2-A91C-7920D123CF2C}.Release|Linux64.Build.0 = Release|Any CPU
		{E0667EF5-02CE-4BA2-A91C-7920D123CF2C}.Release|Win64.ActiveCfg = Release|Any CPU
		{E0667EF5-02CE-4BA2-A91C-7920D123CF2C}.Release|Win64.Build.0 = Release|Any CPU
		{4C5ECCB1-D48B-4187-9EEB-159DD1747AC4}.Release|Linux64.ActiveCfg = Release|Any CPU
		{4C5ECCB1-D48B-4187-9EEB-159DD1747AC4}.Release|Linux64.Build.0 = Release|Any CPU
		{4C5ECCB1-D48B-4187-9EEB-159DD1747AC4}.Release|Win64.ActiveCfg = Release|Any CPU
		{4C5ECCB1-D48B-4187-9EEB-159DD1747AC4}.Release|Win64.Build.0 = Release|Any CPU
		{4C5ECCB1-D48B-4187-9EEB-159DD1747AC4}.Debug|Linux64.ActiveCfg = Debug|Any CPU
		{4C5ECCB1-D48B-4187-9EEB-159DD1747AC4}.Debug|Linux64.Build.0 = Debug|Any CPU
		{4C5ECCB1-D48B-4187-9EEB-159DD1747AC4}.Debug|Win64.ActiveCfg = Debug|Any CPU
		{4C5ECCB1-D48B-4187-9EEB-159DD1747AC4}.Debug|Win64.Build.0 = Debug|Any CPU
	EndGlobalSection
	GlobalSection(NestedProjects) = preSolution
		{42DBC2D0-0890-444A-87F6-0A4F7DFF10C6} = {ABE54C0B-C632-4C9A-AF89-269125544D78}
	EndGlobalSection
EndGlobal
